
Microsoft Visual Studio Solution File, Format Version 12.00
# Visual Studio 15
VisualStudioVersion = 15.0.26730.16
MinimumVisualStudioVersion = 10.0.40219.1
Project("{FAE04EC0-301F-11D3-BF4B-00C04F79EFBC}") = "Test", "Test\Test.csproj", "{23EED6CF-0049-4CD0-B1D5-FCDFB3C201BB}"
EndProject
Project("{FAE04EC0-301F-11D3-BF4B-00C04F79EFBC}") = "WpfApp1", "WpfApp1\WpfApp1.csproj", "{53C25B4E-87AC-4BE7-9FDE-D898F1D49F1A}"
EndProject
Global
	GlobalSection(SolutionConfigurationPlatforms) = preSolution
		Debug|Any CPU = Debug|Any CPU
		Release|Any CPU = Release|Any CPU
	EndGlobalSection
	GlobalSection(ProjectConfigurationPlatforms) = postSolution
		{23EED6CF-0049-4CD0-B1D5-FCDFB3C201BB}.Debug|Any CPU.ActiveCfg = Debug|Any CPU
		{23EED6CF-0049-4CD0-B1D5-FCDFB3C201BB}.Debug|Any CPU.Build.0 = Debug|Any CPU
		{23EED6CF-0049-4CD0-B1D5-FCDFB3C201BB}.Release|Any CPU.ActiveCfg = Release|Any CPU
		{23EED6CF-0049-4CD0-B1D5-FCDFB3C201BB}.Release|Any CPU.Build.0 = Release|Any CPU
		{53C25B4E-87AC-4BE7-9FDE-D898F1D49F1A}.Debug|Any CPU.ActiveCfg = Debug|Any CPU
		{53C25B4E-87AC-4BE7-9FDE-D898F1D49F1A}.Debug|Any CPU.Build.0 = Debug|Any CPU
		{53C25B4E-87AC-4BE7-9FDE-D898F1D49F1A}.Release|Any CPU.ActiveCfg = Release|Any CPU
		{53C25B4E-87AC-4BE7-9FDE-D898F1D49F1A}.Release|Any CPU.Build.0 = Release|Any CPU
	EndGlobalSection
	GlobalSection(SolutionProperties) = preSolution
		HideSolutionNode = FALSE
	EndGlobalSection
	GlobalSection(ExtensibilityGlobals) = postSolution
		SolutionGuid = {29A83979-BB45-42CB-9BB5-C5A58FBD4DFD}
	EndGlobalSection
EndGlobal
